
Microsoft Visual Studio Solution File, Format Version 12.00
Project("{FAE04EC0-301F-11D3-BF4B-00C04F79EFBC}") = "RoundingNumbers", "RoundingNumbers\RoundingNumbers.csproj", "{1737B42A-7715-4A42-9C09-34F40CE0F5CA}"
EndProject
Global
	GlobalSection(SolutionConfigurationPlatforms) = preSolution
		Debug|Any CPU = Debug|Any CPU
		Release|Any CPU = Release|Any CPU
	EndGlobalSection
	GlobalSection(ProjectConfigurationPlatforms) = postSolution
		{1737B42A-7715-4A42-9C09-34F40CE0F5CA}.Debug|Any CPU.ActiveCfg = Debug|Any CPU
		{1737B42A-7715-4A42-9C09-34F40CE0F5CA}.Debug|Any CPU.Build.0 = Debug|Any CPU
		{1737B42A-7715-4A42-9C09-34F40CE0F5CA}.Release|Any CPU.ActiveCfg = Release|Any CPU
		{1737B42A-7715-4A42-9C09-34F40CE0F5CA}.Release|Any CPU.Build.0 = Release|Any CPU
	EndGlobalSection
EndGlobal
